{
  "name": "@astronautlabs/twine",
  "version": "0.0.1",
  "lockfileVersion": 2,
  "requires": true,
  "packages": {
    "": {
      "name": "@astronautlabs/twine",
      "version": "0.0.1",
      "license": "MIT",
      "dependencies": {
        "@alterior/command-line": "^3.0.0-rc.5",
        "tslib": "^2.4.0"
      },
      "bin": {
        "twine": "dist/cli.js"
      },
      "devDependencies": {
        "typescript": "^4.8.2"
      }
    },
    "node_modules/@alterior/command-line": {
      "version": "3.0.0-rc.5",
      "resolved": "https://registry.npmjs.org/@alterior/command-line/-/command-line-3.0.0-rc.5.tgz",
      "integrity": "sha512-ciNdO4AwVli1Du5qocheEX19hJ7+KqDQ5EXIhJHKjpw7Ni9x+r7TrnCoOW8OKdpSfvoLqxP5guqzf3FmXWt8QQ=="
    },
    "node_modules/tslib": {
      "version": "2.4.0",
      "resolved": "https://registry.npmjs.org/tslib/-/tslib-2.4.0.tgz",
      "integrity": "sha512-d6xOpEDfsi2CZVlPQzGeux8XMwLT9hssAsaPYExaQMuYskwb+x1x7J371tWlbBdWHroy99KnVB6qIkUbs5X3UQ=="
    },
    "node_modules/typescript": {
      "version": "4.8.2",
      "resolved": "https://registry.npmjs.org/typescript/-/typescript-4.8.2.tgz",
      "integrity": "sha512-C0I1UsrrDHo2fYI5oaCGbSejwX4ch+9Y5jTQELvovfmFkK3HHSZJB8MSJcWLmCUBzQBchCrZ9rMRV6GuNrvGtw==",
      "dev": true,
      "bin": {
        "tsc": "bin/tsc",
        "tsserver": "bin/tsserver"
      },
      "engines": {
        "node": ">=4.2.0"
      }
    }
  },
  "dependencies": {
    "@alterior/command-line": {
      "version": "3.0.0-rc.5",
      "resolved": "https://registry.npmjs.org/@alterior/command-line/-/command-line-3.0.0-rc.5.tgz",
      "integrity": "sha512-ciNdO4AwVli1Du5qocheEX19hJ7+KqDQ5EXIhJHKjpw7Ni9x+r7TrnCoOW8OKdpSfvoLqxP5guqzf3FmXWt8QQ=="
    },
    "tslib": {
      "version": "2.4.0",
      "resolved": "https://registry.npmjs.org/tslib/-/tslib-2.4.0.tgz",
      "integrity": "sha512-d6xOpEDfsi2CZVlPQzGeux8XMwLT9hssAsaPYExaQMuYskwb+x1x7J371tWlbBdWHroy99KnVB6qIkUbs5X3UQ=="
    },
    "typescript": {
      "version": "4.8.2",
      "resolved": "https://registry.npmjs.org/typescript/-/typescript-4.8.2.tgz",
      "integrity": "sha512-C0I1UsrrDHo2fYI5oaCGbSejwX4ch+9Y5jTQELvovfmFkK3HHSZJB8MSJcWLmCUBzQBchCrZ9rMRV6GuNrvGtw==",
      "dev": true
    }
  }
}
